
Microsoft Visual Studio Solution File, Format Version 12.00
# Visual Studio Version 17
VisualStudioVersion = 17.8.34408.163
MinimumVisualStudioVersion = 10.0.40219.1
Project("{9A19103F-16F7-4668-BE54-9A1E7A4F7556}") = "Northwind.Common.EntityModels.SqlServer", "Northwind.Common.EntityModels.SqlServer.csproj", "{345DCD90-CE6A-4D71-8564-50F7F8AB3428}"
EndProject
Project("{9A19103F-16F7-4668-BE54-9A1E7A4F7556}") = "Northwind.Common.DataContext.SqlServer", "..\Northwind.Common.DataContext.SqlServer\Northwind.Common.DataContext.SqlServer.csproj", "{05F074D3-7CC1-4C42-B1BF-6BE4183AD9C4}"
EndProject
Project("{9A19103F-16F7-4668-BE54-9A1E7A4F7556}") = "Northwind.Common.UnitTestsXUnit", "..\Northwind.Common.UnitTestsXUnit\Northwind.Common.UnitTestsXUnit.csproj", "{7E37FD57-C7CB-4BBA-B175-B45AD94598FD}"
EndProject
Project("{9A19103F-16F7-4668-BE54-9A1E7A4F7556}") = "Northwind.Web", "..\Northwind.Web\Northwind.Web.csproj", "{E2498653-7F37-40F3-A4DC-04401F2F8391}"
EndProject
Project("{FAE04EC0-301F-11D3-BF4B-00C04F79EFBC}") = "Northwind.Razor.Employees", "..\Northwind.Razor.Employees\Northwind.Razor.Employees.csproj", "{9B4E98F2-3085-464F-803B-E2BB71F7FD71}"
EndProject
Global
	GlobalSection(SolutionConfigurationPlatforms) = preSolution
		Debug|Any CPU = Debug|Any CPU
		Debug|ARM = Debug|ARM
		Debug|ARM64 = Debug|ARM64
		Debug|x64 = Debug|x64
		Debug|x86 = Debug|x86
		Release|Any CPU = Release|Any CPU
		Release|ARM = Release|ARM
		Release|ARM64 = Release|ARM64
		Release|x64 = Release|x64
		Release|x86 = Release|x86
	EndGlobalSection
	GlobalSection(ProjectConfigurationPlatforms) = postSolution
		{345DCD90-CE6A-4D71-8564-50F7F8AB3428}.Debug|Any CPU.ActiveCfg = Debug|Any CPU
		{345DCD90-CE6A-4D71-8564-50F7F8AB3428}.Debug|Any CPU.Build.0 = Debug|Any CPU
		{345DCD90-CE6A-4D71-8564-50F7F8AB3428}.Debug|ARM.ActiveCfg = Debug|Any CPU
		{345DCD90-CE6A-4D71-8564-50F7F8AB3428}.Debug|ARM.Build.0 = Debug|Any CPU
		{345DCD90-CE6A-4D71-8564-50F7F8AB3428}.Debug|ARM64.ActiveCfg = Debug|Any CPU
		{345DCD90-CE6A-4D71-8564-50F7F8AB3428}.Debug|ARM64.Build.0 = Debug|Any CPU
		{345DCD90-CE6A-4D71-8564-50F7F8AB3428}.Debug|x64.ActiveCfg = Debug|Any CPU
		{345DCD90-CE6A-4D71-8564-50F7F8AB3428}.Debug|x64.Build.0 = Debug|Any CPU
		{345DCD90-CE6A-4D71-8564-50F7F8AB3428}.Debug|x86.ActiveCfg = Debug|Any CPU
		{345DCD90-CE6A-4D71-8564-50F7F8AB3428}.Debug|x86.Build.0 = Debug|Any CPU
		{345DCD90-CE6A-4D71-8564-50F7F8AB3428}.Release|Any CPU.ActiveCfg = Release|Any CPU
		{345DCD90-CE6A-4D71-8564-50F7F8AB3428}.Release|Any CPU.Build.0 = Release|Any CPU
		{345DCD90-CE6A-4D71-8564-50F7F8AB3428}.Release|ARM.ActiveCfg = Release|Any CPU
		{345DCD90-CE6A-4D71-8564-50F7F8AB3428}.Release|ARM.Build.0 = Release|Any CPU
		{345DCD90-CE6A-4D71-8564-50F7F8AB3428}.Release|ARM64.ActiveCfg = Release|Any CPU
		{345DCD90-CE6A-4D71-8564-50F7F8AB3428}.Release|ARM64.Build.0 = Release|Any CPU
		{345DCD90-CE6A-4D71-8564-50F7F8AB3428}.Release|x64.ActiveCfg = Release|Any CPU
		{345DCD90-CE6A-4D71-8564-50F7F8AB3428}.Release|x64.Build.0 = Release|Any CPU
		{345DCD90-CE6A-4D71-8564-50F7F8AB3428}.Release|x86.ActiveCfg = Release|Any CPU
		{345DCD90-CE6A-4D71-8564-50F7F8AB3428}.Release|x86.Build.0 = Release|Any CPU
		{05F074D3-7CC1-4C42-B1BF-6BE4183AD9C4}.Debug|Any CPU.ActiveCfg = Debug|Any CPU
		{05F074D3-7CC1-4C42-B1BF-6BE4183AD9C4}.Debug|Any CPU.Build.0 = Debug|Any CPU
		{05F074D3-7CC1-4C42-B1BF-6BE4183AD9C4}.Debug|ARM.ActiveCfg = Debug|Any CPU
		{05F074D3-7CC1-4C42-B1BF-6BE4183AD9C4}.Debug|ARM.Build.0 = Debug|Any CPU
		{05F074D3-7CC1-4C42-B1BF-6BE4183AD9C4}.Debug|ARM64.ActiveCfg = Debug|Any CPU
		{05F074D3-7CC1-4C42-B1BF-6BE4183AD9C4}.Debug|ARM64.Build.0 = Debug|Any CPU
		{05F074D3-7CC1-4C42-B1BF-6BE4183AD9C4}.Debug|x64.ActiveCfg = Debug|Any CPU
		{05F074D3-7CC1-4C42-B1BF-6BE4183AD9C4}.Debug|x64.Build.0 = Debug|Any CPU
		{05F074D3-7CC1-4C42-B1BF-6BE4183AD9C4}.Debug|x86.ActiveCfg = Debug|Any CPU
		{05F074D3-7CC1-4C42-B1BF-6BE4183AD9C4}.Debug|x86.Build.0 = Debug|Any CPU
		{05F074D3-7CC1-4C42-B1BF-6BE4183AD9C4}.Release|Any CPU.ActiveCfg = Release|Any CPU
		{05F074D3-7CC1-4C42-B1BF-6BE4183AD9C4}.Release|Any CPU.Build.0 = Release|Any CPU
		{05F074D3-7CC1-4C42-B1BF-6BE4183AD9C4}.Release|ARM.ActiveCfg = Release|Any CPU
		{05F074D3-7CC1-4C42-B1BF-6BE4183AD9C4}.Release|ARM.Build.0 = Release|Any CPU
		{05F074D3-7CC1-4C42-B1BF-6BE4183AD9C4}.Release|ARM64.ActiveCfg = Release|Any CPU
		{05F074D3-7CC1-4C42-B1BF-6BE4183AD9C4}.Release|ARM64.Build.0 = Release|Any CPU
		{05F074D3-7CC1-4C42-B1BF-6BE4183AD9C4}.Release|x64.ActiveCfg = Release|Any CPU
		{05F074D3-7CC1-4C42-B1BF-6BE4183AD9C4}.Release|x64.Build.0 = Release|Any CPU
		{05F074D3-7CC1-4C42-B1BF-6BE4183AD9C4}.Release|x86.ActiveCfg = Release|Any CPU
		{05F074D3-7CC1-4C42-B1BF-6BE4183AD9C4}.Release|x86.Build.0 = Release|Any CPU
		{7E37FD57-C7CB-4BBA-B175-B45AD94598FD}.Debug|Any CPU.ActiveCfg = Debug|Any CPU
		{7E37FD57-C7CB-4BBA-B175-B45AD94598FD}.Debug|Any CPU.Build.0 = Debug|Any CPU
		{7E37FD57-C7CB-4BBA-B175-B45AD94598FD}.Debug|ARM.ActiveCfg = Debug|Any CPU
		{7E37FD57-C7CB-4BBA-B175-B45AD94598FD}.Debug|ARM.Build.0 = Debug|Any CPU
		{7E37FD57-C7CB-4BBA-B175-B45AD94598FD}.Debug|ARM64.ActiveCfg = Debug|Any CPU
		{7E37FD57-C7CB-4BBA-B175-B45AD94598FD}.Debug|ARM64.Build.0 = Debug|Any CPU
		{7E37FD57-C7CB-4BBA-B175-B45AD94598FD}.Debug|x64.ActiveCfg = Debug|Any CPU
		{7E37FD57-C7CB-4BBA-B175-B45AD94598FD}.Debug|x64.Build.0 = Debug|Any CPU
		{7E37FD57-C7CB-4BBA-B175-B45AD94598FD}.Debug|x86.ActiveCfg = Debug|Any CPU
		{7E37FD57-C7CB-4BBA-B175-B45AD94598FD}.Debug|x86.Build.0 = Debug|Any CPU
		{7E37FD57-C7CB-4BBA-B175-B45AD94598FD}.Release|Any CPU.ActiveCfg = Release|Any CPU
		{7E37FD57-C7CB-4BBA-B175-B45AD94598FD}.Release|Any CPU.Build.0 = Release|Any CPU
		{7E37FD57-C7CB-4BBA-B175-B45AD94598FD}.Release|ARM.ActiveCfg = Release|Any CPU
		{7E37FD57-C7CB-4BBA-B175-B45AD94598FD}.Release|ARM.Build.0 = Release|Any CPU
		{7E37FD57-C7CB-4BBA-B175-B45AD94598FD}.Release|ARM64.ActiveCfg = Release|Any CPU
		{7E37FD57-C7CB-4BBA-B175-B45AD94598FD}.Release|ARM64.Build.0 = Release|Any CPU
		{7E37FD57-C7CB-4BBA-B175-B45AD94598FD}.Release|x64.ActiveCfg = Release|Any CPU
		{7E37FD57-C7CB-4BBA-B175-B45AD94598FD}.Release|x64.Build.0 = Release|Any CPU
		{7E37FD57-C7CB-4BBA-B175-B45AD94598FD}.Release|x86.ActiveCfg = Release|Any CPU
		{7E37FD57-C7CB-4BBA-B175-B45AD94598FD}.Release|x86.Build.0 = Release|Any CPU
		{E2498653-7F37-40F3-A4DC-04401F2F8391}.Debug|Any CPU.ActiveCfg = Debug|Any CPU
		{E2498653-7F37-40F3-A4DC-04401F2F8391}.Debug|Any CPU.Build.0 = Debug|Any CPU
		{E2498653-7F37-40F3-A4DC-04401F2F8391}.Debug|ARM.ActiveCfg = Debug|Any CPU
		{E2498653-7F37-40F3-A4DC-04401F2F8391}.Debug|ARM.Build.0 = Debug|Any CPU
		{E2498653-7F37-40F3-A4DC-04401F2F8391}.Debug|ARM64.ActiveCfg = Debug|Any CPU
		{E2498653-7F37-40F3-A4DC-04401F2F8391}.Debug|ARM64.Build.0 = Debug|Any CPU
		{E2498653-7F37-40F3-A4DC-04401F2F8391}.Debug|x64.ActiveCfg = Debug|Any CPU
		{E2498653-7F37-40F3-A4DC-04401F2F8391}.Debug|x64.Build.0 = Debug|Any CPU
		{E2498653-7F37-40F3-A4DC-04401F2F8391}.Debug|x86.ActiveCfg = Debug|Any CPU
		{E2498653-7F37-40F3-A4DC-04401F2F8391}.Debug|x86.Build.0 = Debug|Any CPU
		{E2498653-7F37-40F3-A4DC-04401F2F8391}.Release|Any CPU.ActiveCfg = Release|Any CPU
		{E2498653-7F37-40F3-A4DC-04401F2F8391}.Release|Any CPU.Build.0 = Release|Any CPU
		{E2498653-7F37-40F3-A4DC-04401F2F8391}.Release|ARM.ActiveCfg = Release|Any CPU
		{E2498653-7F37-40F3-A4DC-04401F2F8391}.Release|ARM.Build.0 = Release|Any CPU
		{E2498653-7F37-40F3-A4DC-04401F2F8391}.Release|ARM64.ActiveCfg = Release|Any CPU
		{E2498653-7F37-40F3-A4DC-04401F2F8391}.Release|ARM64.Build.0 = Release|Any CPU
		{E2498653-7F37-40F3-A4DC-04401F2F8391}.Release|x64.ActiveCfg = Release|Any CPU
		{E2498653-7F37-40F3-A4DC-04401F2F8391}.Release|x64.Build.0 = Release|Any CPU
		{E2498653-7F37-40F3-A4DC-04401F2F8391}.Release|x86.ActiveCfg = Release|Any CPU
		{E2498653-7F37-40F3-A4DC-04401F2F8391}.Release|x86.Build.0 = Release|Any CPU
		{9B4E98F2-3085-464F-803B-E2BB71F7FD71}.Debug|Any CPU.ActiveCfg = Debug|Any CPU
		{9B4E98F2-3085-464F-803B-E2BB71F7FD71}.Debug|Any CPU.Build.0 = Debug|Any CPU
		{9B4E98F2-3085-464F-803B-E2BB71F7FD71}.Debug|ARM.ActiveCfg = Debug|Any CPU
		{9B4E98F2-3085-464F-803B-E2BB71F7FD71}.Debug|ARM.Build.0 = Debug|Any CPU
		{9B4E98F2-3085-464F-803B-E2BB71F7FD71}.Debug|ARM64.ActiveCfg = Debug|Any CPU
		{9B4E98F2-3085-464F-803B-E2BB71F7FD71}.Debug|ARM64.Build.0 = Debug|Any CPU
		{9B4E98F2-3085-464F-803B-E2BB71F7FD71}.Debug|x64.ActiveCfg = Debug|Any CPU
		{9B4E98F2-3085-464F-803B-E2BB71F7FD71}.Debug|x64.Build.0 = Debug|Any CPU
		{9B4E98F2-3085-464F-803B-E2BB71F7FD71}.Debug|x86.ActiveCfg = Debug|Any CPU
		{9B4E98F2-3085-464F-803B-E2BB71F7FD71}.Debug|x86.Build.0 = Debug|Any CPU
		{9B4E98F2-3085-464F-803B-E2BB71F7FD71}.Release|Any CPU.ActiveCfg = Release|Any CPU
		{9B4E98F2-3085-464F-803B-E2BB71F7FD71}.Release|Any CPU.Build.0 = Release|Any CPU
		{9B4E98F2-3085-464F-803B-E2BB71F7FD71}.Release|ARM.ActiveCfg = Release|Any CPU
		{9B4E98F2-3085-464F-803B-E2BB71F7FD71}.Release|ARM.Build.0 = Release|Any CPU
		{9B4E98F2-3085-464F-803B-E2BB71F7FD71}.Release|ARM64.ActiveCfg = Release|Any CPU
		{9B4E98F2-3085-464F-803B-E2BB71F7FD71}.Release|ARM64.Build.0 = Release|Any CPU
		{9B4E98F2-3085-464F-803B-E2BB71F7FD71}.Release|x64.ActiveCfg = Release|Any CPU
		{9B4E98F2-3085-464F-803B-E2BB71F7FD71}.Release|x64.Build.0 = Release|Any CPU
		{9B4E98F2-3085-464F-803B-E2BB71F7FD71}.Release|x86.ActiveCfg = Release|Any CPU
		{9B4E98F2-3085-464F-803B-E2BB71F7FD71}.Release|x86.Build.0 = Release|Any CPU
	EndGlobalSection
	GlobalSection(SolutionProperties) = preSolution
		HideSolutionNode = FALSE
	EndGlobalSection
	GlobalSection(ExtensibilityGlobals) = postSolution
		SolutionGuid = {D987A3D3-5FC8-4422-AF48-EB3DDDB9088D}
	EndGlobalSection
EndGlobal
